// !$*UTF8*$!
{
	archiveVersion = 1;
	classes = {
	};
	objectVersion = 46;
	objects = {

/* Begin PBXBuildFile section */
		68BABCCE1CD9ACA4001AC1FB /* AppDelegate.swift in Sources */ = {isa = PBXBuildFile; fileRef = 68BABCCD1CD9ACA4001AC1FB /* AppDelegate.swift */; };
		68BABCD31CD9ACA4001AC1FB /* Main.storyboard in Resources */ = {isa = PBXBuildFile; fileRef = 68BABCD11CD9ACA4001AC1FB /* Main.storyboard */; };
		68BABCD51CD9ACA4001AC1FB /* Assets.xcassets in Resources */ = {isa = PBXBuildFile; fileRef = 68BABCD41CD9ACA4001AC1FB /* Assets.xcassets */; };
		68BABCD81CD9ACA4001AC1FB /* LaunchScreen.storyboard in Resources */ = {isa = PBXBuildFile; fileRef = 68BABCD61CD9ACA4001AC1FB /* LaunchScreen.storyboard */; };
		68BABCFC1CD9ACCC001AC1FB /* States.swift in Sources */ = {isa = PBXBuildFile; fileRef = 68BABCFB1CD9ACCC001AC1FB /* States.swift */; };
		68BABCFE1CD9ADBF001AC1FB /* Representative.swift in Sources */ = {isa = PBXBuildFile; fileRef = 68BABCFD1CD9ADBF001AC1FB /* Representative.swift */; };
		68BABD021CD9AFC0001AC1FB /* RepresentativeController.swift in Sources */ = {isa = PBXBuildFile; fileRef = 68BABD011CD9AFC0001AC1FB /* RepresentativeController.swift */; };
		68BABD061CD9B1EA001AC1FB /* StateListTableViewController.swift in Sources */ = {isa = PBXBuildFile; fileRef = 68BABD051CD9B1EA001AC1FB /* StateListTableViewController.swift */; };
		68BABD081CD9B3A4001AC1FB /* RepresentativeTableViewCell.swift in Sources */ = {isa = PBXBuildFile; fileRef = 68BABD071CD9B3A4001AC1FB /* RepresentativeTableViewCell.swift */; };
		68BABD0A1CD9B4A0001AC1FB /* StateDetailTableViewController.swift in Sources */ = {isa = PBXBuildFile; fileRef = 68BABD091CD9B4A0001AC1FB /* StateDetailTableViewController.swift */; };
/* End PBXBuildFile section */

/* Begin PBXFileReference section */
		68BABCCA1CD9ACA4001AC1FB /* Representative.app */ = {isa = PBXFileReference; explicitFileType = wrapper.application; includeInIndex = 0; path = Representative.app; sourceTree = BUILT_PRODUCTS_DIR; };
		68BABCCD1CD9ACA4001AC1FB /* AppDelegate.swift */ = {isa = PBXFileReference; lastKnownFileType = sourcecode.swift; path = AppDelegate.swift; sourceTree = "<group>"; };
		68BABCD21CD9ACA4001AC1FB /* Base */ = {isa = PBXFileReference; lastKnownFileType = file.storyboard; name = Base; path = Base.lproj/Main.storyboard; sourceTree = "<group>"; };
		68BABCD41CD9ACA4001AC1FB /* Assets.xcassets */ = {isa = PBXFileReference; lastKnownFileType = folder.assetcatalog; path = Assets.xcassets; sourceTree = "<group>"; };
		68BABCD71CD9ACA4001AC1FB /* Base */ = {isa = PBXFileReference; lastKnownFileType = file.storyboard; name = Base; path = Base.lproj/LaunchScreen.storyboard; sourceTree = "<group>"; };
		68BABCD91CD9ACA4001AC1FB /* Info.plist */ = {isa = PBXFileReference; lastKnownFileType = text.plist.xml; path = Info.plist; sourceTree = "<group>"; };
		68BABCFB1CD9ACCC001AC1FB /* States.swift */ = {isa = PBXFileReference; fileEncoding = 4; lastKnownFileType = sourcecode.swift; path = States.swift; sourceTree = "<group>"; };
		68BABCFD1CD9ADBF001AC1FB /* Representative.swift */ = {isa = PBXFileReference; fileEncoding = 4; lastKnownFileType = sourcecode.swift; path = Representative.swift; sourceTree = "<group>"; };
		68BABD011CD9AFC0001AC1FB /* RepresentativeController.swift */ = {isa = PBXFileReference; fileEncoding = 4; lastKnownFileType = sourcecode.swift; path = RepresentativeController.swift; sourceTree = "<group>"; };
		68BABD051CD9B1EA001AC1FB /* StateListTableViewController.swift */ = {isa = PBXFileReference; fileEncoding = 4; lastKnownFileType = sourcecode.swift; path = StateListTableViewController.swift; sourceTree = "<group>"; };
		68BABD071CD9B3A4001AC1FB /* RepresentativeTableViewCell.swift */ = {isa = PBXFileReference; fileEncoding = 4; lastKnownFileType = sourcecode.swift; path = RepresentativeTableViewCell.swift; sourceTree = "<group>"; };
		68BABD091CD9B4A0001AC1FB /* StateDetailTableViewController.swift */ = {isa = PBXFileReference; fileEncoding = 4; lastKnownFileType = sourcecode.swift; path = StateDetailTableViewController.swift; sourceTree = "<group>"; };
/* End PBXFileReference section */

/* Begin PBXFrameworksBuildPhase section */
		68BABCC71CD9ACA4001AC1FB /* Frameworks */ = {
			isa = PBXFrameworksBuildPhase;
			buildActionMask = 2147483647;
			files = (
			);
			runOnlyForDeploymentPostprocessing = 0;
		};
/* End PBXFrameworksBuildPhase section */

/* Begin PBXGroup section */
		68BABCC11CD9ACA4001AC1FB = {
			isa = PBXGroup;
			children = (
				68BABCCC1CD9ACA4001AC1FB /* Representative */,
				68BABCCB1CD9ACA4001AC1FB /* Products */,
			);
			sourceTree = "<group>";
		};
		68BABCCB1CD9ACA4001AC1FB /* Products */ = {
			isa = PBXGroup;
			children = (
				68BABCCA1CD9ACA4001AC1FB /* Representative.app */,
			);
			name = Products;
			sourceTree = "<group>";
		};
		68BABCCC1CD9ACA4001AC1FB /* Representative */ = {
			isa = PBXGroup;
			children = (
				68BABCCD1CD9ACA4001AC1FB /* AppDelegate.swift */,
				68BABCFB1CD9ACCC001AC1FB /* States.swift */,
				68BABCFD1CD9ADBF001AC1FB /* Representative.swift */,
				68BABD011CD9AFC0001AC1FB /* RepresentativeController.swift */,
				68BABD051CD9B1EA001AC1FB /* StateListTableViewController.swift */,
				68BABD091CD9B4A0001AC1FB /* StateDetailTableViewController.swift */,
				68BABD071CD9B3A4001AC1FB /* RepresentativeTableViewCell.swift */,
				9D10FDA61DAB15E700CEF3C4 /* Resources */,
			);
			path = Representative;
			sourceTree = "<group>";
		};
		9D10FDA61DAB15E700CEF3C4 /* Resources */ = {
			isa = PBXGroup;
			children = (
				68BABCD11CD9ACA4001AC1FB /* Main.storyboard */,
				68BABCD41CD9ACA4001AC1FB /* Assets.xcassets */,
				68BABCD61CD9ACA4001AC1FB /* LaunchScreen.storyboard */,
				68BABCD91CD9ACA4001AC1FB /* Info.plist */,
			);
			name = Resources;
			sourceTree = "<group>";
		};
/* End PBXGroup section */

/* Begin PBXNativeTarget section */
		68BABCC91CD9ACA4001AC1FB /* Representative */ = {
			isa = PBXNativeTarget;
			buildConfigurationList = 68BABCF21CD9ACA4001AC1FB /* Build configuration list for PBXNativeTarget "Representative" */;
			buildPhases = (
				68BABCC61CD9ACA4001AC1FB /* Sources */,
				68BABCC71CD9ACA4001AC1FB /* Frameworks */,
				68BABCC81CD9ACA4001AC1FB /* Resources */,
			);
			buildRules = (
			);
			dependencies = (
			);
			name = Representative;
			productName = Representative;
			productReference = 68BABCCA1CD9ACA4001AC1FB /* Representative.app */;
			productType = "com.apple.product-type.application";
		};
/* End PBXNativeTarget section */

/* Begin PBXProject section */
		68BABCC21CD9ACA4001AC1FB /* Project object */ = {
			isa = PBXProject;
			attributes = {
				LastSwiftUpdateCheck = 0730;
				LastUpgradeCheck = 0900;
				ORGANIZATIONNAME = DevMountain;
				TargetAttributes = {
					68BABCC91CD9ACA4001AC1FB = {
						CreatedOnToolsVersion = 7.3;
						DevelopmentTeam = 357NQPN89X;
						LastSwiftMigration = 0900;
					};
				};
			};
			buildConfigurationList = 68BABCC51CD9ACA4001AC1FB /* Build configuration list for PBXProject "Representative" */;
			compatibilityVersion = "Xcode 3.2";
			developmentRegion = English;
			hasScannedForEncodings = 0;
			knownRegions = (
				en,
				Base,
			);
			mainGroup = 68BABCC11CD9ACA4001AC1FB;
			productRefGroup = 68BABCCB1CD9ACA4001AC1FB /* Products */;
			projectDirPath = "";
			projectRoot = "";
			targets = (
				68BABCC91CD9ACA4001AC1FB /* Representative */,
			);
		};
/* End PBXProject section */

/* Begin PBXResourcesBuildPhase section */
		68BABCC81CD9ACA4001AC1FB /* Resources */ = {
			isa = PBXResourcesBuildPhase;
			buildActionMask = 2147483647;
			files = (
				68BABCD81CD9ACA4001AC1FB /* LaunchScreen.storyboard in Resources */,
				68BABCD51CD9ACA4001AC1FB /* Assets.xcassets in Resources */,
				68BABCD31CD9ACA4001AC1FB /* Main.storyboard in Resources */,
			);
			runOnlyForDeploymentPostprocessing = 0;
		};
/* End PBXResourcesBuildPhase section */

/* Begin PBXSourcesBuildPhase section */
		68BABCC61CD9ACA4001AC1FB /* Sources */ = {
			isa = PBXSourcesBuildPhase;
			buildActionMask = 2147483647;
			files = (
				68BABD081CD9B3A4001AC1FB /* RepresentativeTableViewCell.swift in Sources */,
				68BABD0A1CD9B4A0001AC1FB /* StateDetailTableViewController.swift in Sources */,
				68BABD061CD9B1EA001AC1FB /* StateListTableViewController.swift in Sources */,
				68BABCFE1CD9ADBF001AC1FB /* Representative.swift in Sources */,
				68BABCFC1CD9ACCC001AC1FB /* States.swift in Sources */,
				68BABD021CD9AFC0001AC1FB /* RepresentativeController.swift in Sources */,
				68BABCCE1CD9ACA4001AC1FB /* AppDelegate.swift in Sources */,
			);
			runOnlyForDeploymentPostprocessing = 0;
		};
/* End PBXSourcesBuildPhase section */

/* Begin PBXVariantGroup section */
		68BABCD11CD9ACA4001AC1FB /* Main.storyboard */ = {
			isa = PBXVariantGroup;
			children = (
				68BABCD21CD9ACA4001AC1FB /* Base */,
			);
			name = Main.storyboard;
			sourceTree = "<group>";
		};
		68BABCD61CD9ACA4001AC1FB /* LaunchScreen.storyboard */ = {
			isa = PBXVariantGroup;
			children = (
				68BABCD71CD9ACA4001AC1FB /* Base */,
			);
			name = LaunchScreen.storyboard;
			sourceTree = "<group>";
		};
/* End PBXVariantGroup section */

/* Begin XCBuildConfiguration section */
		68BABCF01CD9ACA4001AC1FB /* Debug */ = {
			isa = XCBuildConfiguration;
			buildSettings = {
				ALWAYS_SEARCH_USER_PATHS = NO;
				CLANG_ANALYZER_NONNULL = YES;
				CLANG_CXX_LANGUAGE_STANDARD = "gnu++0x";
				CLANG_CXX_LIBRARY = "libc++";
				CLANG_ENABLE_MODULES = YES;
				CLANG_ENABLE_OBJC_ARC = YES;
				CLANG_WARN_BLOCK_CAPTURE_AUTORELEASING = YES;
				CLANG_WARN_BOOL_CONVERSION = YES;
				CLANG_WARN_COMMA = YES;
				CLANG_WARN_CONSTANT_CONVERSION = YES;
				CLANG_WARN_DIRECT_OBJC_ISA_USAGE = YES_ERROR;
				CLANG_WARN_EMPTY_BODY = YES;
				CLANG_WARN_ENUM_CONVERSION = YES;
				CLANG_WARN_INFINITE_RECURSION = YES;
				CLANG_WARN_INT_CONVERSION = YES;
				CLANG_WARN_NON_LITERAL_NULL_CONVERSION = YES;
				CLANG_WARN_OBJC_LITERAL_CONVERSION = YES;
				CLANG_WARN_OBJC_ROOT_CLASS = YES_ERROR;
				CLANG_WARN_RANGE_LOOP_ANALYSIS = YES;
				CLANG_WARN_STRICT_PROTOTYPES = YES;
				CLANG_WARN_SUSPICIOUS_MOVE = YES;
				CLANG_WARN_UNREACHABLE_CODE = YES;
				CLANG_WARN__DUPLICATE_METHOD_MATCH = YES;
				"CODE_SIGN_IDENTITY[sdk=iphoneos*]" = "iPhone Developer";
				COPY_PHASE_STRIP = NO;
				DEBUG_INFORMATION_FORMAT = dwarf;
				ENABLE_STRICT_OBJC_MSGSEND = YES;
				ENABLE_TESTABILITY = YES;
				GCC_C_LANGUAGE_STANDARD = gnu99;
				GCC_DYNAMIC_NO_PIC = NO;
				GCC_NO_COMMON_BLOCKS = YES;
				GCC_OPTIMIZATION_LEVEL = 0;
				GCC_PREPROCESSOR_DEFINITIONS = (
					"DEBUG=1",
					"$(inherited)",
				);
				GCC_WARN_64_TO_32_BIT_CONVERSION = YES;
				GCC_WARN_ABOUT_RETURN_TYPE = YES_ERROR;
				GCC_WARN_UNDECLARED_SELECTOR = YES;
				GCC_WARN_UNINITIALIZED_AUTOS = YES_AGGRESSIVE;
				GCC_WARN_UNUSED_FUNCTION = YES;
				GCC_WARN_UNUSED_VARIABLE = YES;
				IPHONEOS_DEPLOYMENT_TARGET = 9.3;
				MTL_ENABLE_DEBUG_INFO = YES;
				ONLY_ACTIVE_ARCH = YES;
				SDKROOT = iphoneos;
				SWIFT_OPTIMIZATION_LEVEL = "-Onone";
				TARGETED_DEVICE_FAMILY = "1,2";
			};
			name = Debug;
		};
		68BABCF11CD9ACA4001AC1FB /* Release */ = {
			isa = XCBuildConfiguration;
			buildSettings = {
				ALWAYS_SEARCH_USER_PATHS = NO;
				CLANG_ANALYZER_NONNULL = YES;
				CLANG_CXX_LANGUAGE_STANDARD = "gnu++0x";
				CLANG_CXX_LIBRARY = "libc++";
				CLANG_ENABLE_MODULES = YES;
				CLANG_ENABLE_OBJC_ARC = YES;
				CLANG_WARN_BLOCK_CAPTURE_AUTORELEASING = YES;
				CLANG_WARN_BOOL_CONVERSION = YES;
				CLANG_WARN_COMMA = YES;
				CLANG_WARN_CONSTANT_CONVERSION = YES;
				CLANG_WARN_DIRECT_OBJC_ISA_USAGE = YES_ERROR;
				CLANG_WARN_EMPTY_BODY = YES;
				CLANG_WARN_ENUM_CONVERSION = YES;
				CLANG_WARN_INFINITE_RECURSION = YES;
				CLANG_WARN_INT_CONVERSION = YES;
				CLANG_WARN_NON_LITERAL_NULL_CONVERSION = YES;
				CLANG_WARN_OBJC_LITERAL_CONVERSION = YES;
				CLANG_WARN_OBJC_ROOT_CLASS = YES_ERROR;
				CLANG_WARN_RANGE_LOOP_ANALYSIS = YES;
				CLANG_WARN_STRICT_PROTOTYPES = YES;
				CLANG_WARN_SUSPICIOUS_MOVE = YES;
				CLANG_WARN_UNREACHABLE_CODE = YES;
				CLANG_WARN__DUPLICATE_METHOD_MATCH = YES;
				"CODE_SIGN_IDENTITY[sdk=iphoneos*]" = "iPhone Developer";
				COPY_PHASE_STRIP = NO;
				DEBUG_INFORMATION_FORMAT = "dwarf-with-dsym";
				ENABLE_NS_ASSERTIONS = NO;
				ENABLE_STRICT_OBJC_MSGSEND = YES;
				GCC_C_LANGUAGE_STANDARD = gnu99;
				GCC_NO_COMMON_BLOCKS = YES;
				GCC_WARN_64_TO_32_BIT_CONVERSION = YES;
				GCC_WARN_ABOUT_RETURN_TYPE = YES_ERROR;
				GCC_WARN_UNDECLARED_SELECTOR = YES;
				GCC_WARN_UNINITIALIZED_AUTOS = YES_AGGRESSIVE;
				GCC_WARN_UNUSED_FUNCTION = YES;
				GCC_WARN_UNUSED_VARIABLE = YES;
				IPHONEOS_DEPLOYMENT_TARGET = 9.3;
				MTL_ENABLE_DEBUG_INFO = NO;
				SDKROOT = iphoneos;
				SWIFT_OPTIMIZATION_LEVEL = "-Owholemodule";
				TARGETED_DEVICE_FAMILY = "1,2";
				VALIDATE_PRODUCT = YES;
			};
			name = Release;
		};
		68BABCF31CD9ACA4001AC1FB /* Debug */ = {
			isa = XCBuildConfiguration;
			buildSettings = {
				ASSETCATALOG_COMPILER_APPICON_NAME = AppIcon;
				CODE_SIGN_IDENTITY = "iPhone Developer";
				INFOPLIST_FILE = Representative/Info.plist;
				LD_RUNPATH_SEARCH_PATHS = "$(inherited) @executable_path/Frameworks";
				PRODUCT_BUNDLE_IDENTIFIER = com.devmtn.Representative;
				PRODUCT_NAME = "$(TARGET_NAME)";
				SWIFT_SWIFT3_OBJC_INFERENCE = Default;
				SWIFT_VERSION = 4.0;
			};
			name = Debug;
		};
		68BABCF41CD9ACA4001AC1FB /* Release */ = {
			isa = XCBuildConfiguration;
			buildSettings = {
				ASSETCATALOG_COMPILER_APPICON_NAME = AppIcon;
				CODE_SIGN_IDENTITY = "iPhone Developer";
				INFOPLIST_FILE = Representative/Info.plist;
				LD_RUNPATH_SEARCH_PATHS = "$(inherited) @executable_path/Frameworks";
				PRODUCT_BUNDLE_IDENTIFIER = com.devmtn.Representative;
				PRODUCT_NAME = "$(TARGET_NAME)";
				SWIFT_SWIFT3_OBJC_INFERENCE = Default;
				SWIFT_VERSION = 4.0;
			};
			name = Release;
		};
/* End XCBuildConfiguration section */

/* Begin XCConfigurationList section */
		68BABCC51CD9ACA4001AC1FB /* Build configuration list for PBXProject "Representative" */ = {
			isa = XCConfigurationList;
			buildConfigurations = (
				68BABCF01CD9ACA4001AC1FB /* Debug */,
				68BABCF11CD9ACA4001AC1FB /* Release */,
			);
			defaultConfigurationIsVisible = 0;
			defaultConfigurationName = Release;
		};
		68BABCF21CD9ACA4001AC1FB /* Build configuration list for PBXNativeTarget "Representative" */ = {
			isa = XCConfigurationList;
			buildConfigurations = (
				68BABCF31CD9ACA4001AC1FB /* Debug */,
				68BABCF41CD9ACA4001AC1FB /* Release */,
			);
			defaultConfigurationIsVisible = 0;
			defaultConfigurationName = Release;
		};
/* End XCConfigurationList section */
	};
	rootObject = 68BABCC21CD9ACA4001AC1FB /* Project object */;
}
